{
  "name": "yjs",
  "version": "1.0.0",
  "lockfileVersion": 2,
  "requires": true,
  "packages": {
    "": {
      "name": "yjs",
      "version": "1.0.0",
      "license": "MIT",
      "dependencies": {
        "@hocuspocus/provider": "^2.9.0",
        "ws": "^8.5.0",
        "yjs": "^13.6.7"
      }
    },
    "node_modules/@hocuspocus/common": {
      "version": "2.9.0",
      "resolved": "https://registry.npmmirror.com/@hocuspocus/common/-/common-2.9.0.tgz",
      "integrity": "sha512-VHqxf1Qov4PULmoevRV4hEyxfEGNtdCMDQTU0C1C6ZR6ImDAqnpuzzcxH5ppkZZiiSZwDWxMxxegFt2e3alDEA==",
      "dependencies": {
        "lib0": "^0.2.87"
      }
    },
    "node_modules/@hocuspocus/provider": {
      "version": "2.9.0",
      "resolved": "https://registry.npmmirror.com/@hocuspocus/provider/-/provider-2.9.0.tgz",
      "integrity": "sha512-ZMXX0+jbmB5V7n9RVTtxgWexOs3uwMUxTz9JcGNyUWpLGebSHQppT36eR0cNUhhqO3Kz5HBv2dg8egwGKpT5aQ==",
      "dependencies": {
        "@hocuspocus/common": "^2.9.0",
        "@lifeomic/attempt": "^3.0.2",
        "lib0": "^0.2.87",
        "ws": "^8.14.2"
      },
      "peerDependencies": {
        "y-protocols": "^1.0.6",
        "yjs": "^13.6.8"
      }
    },
    "node_modules/@lifeomic/attempt": {
      "version": "3.0.3",
      "resolved": "https://registry.npmmirror.com/@lifeomic/attempt/-/attempt-3.0.3.tgz",
      "integrity": "sha512-GlM2AbzrErd/TmLL3E8hAHmb5Q7VhDJp35vIbyPVA5Rz55LZuRr8pwL3qrwwkVNo05gMX1J44gURKb4MHQZo7w=="
    },
    "node_modules/isomorphic.js": {
      "version": "0.2.5",
      "resolved": "https://registry.npmmirror.com/isomorphic.js/-/isomorphic.js-0.2.5.tgz",
      "integrity": "sha512-PIeMbHqMt4DnUP3MA/Flc0HElYjMXArsw1qwJZcm9sqR8mq3l8NYizFMty0pWwE/tzIGH3EKK5+jes5mAr85yw=="
    },
    "node_modules/lib0": {
      "version": "0.2.88",
      "resolved": "https://registry.npmmirror.com/lib0/-/lib0-0.2.88.tgz",
      "integrity": "sha512-KyroiEvCeZcZEMx5Ys+b4u4eEBbA1ch7XUaBhYpwa/nPMrzTjUhI4RfcytmQfYoTBPcdyx+FX6WFNIoNuJzJfQ==",
      "dependencies": {
        "isomorphic.js": "^0.2.4"
      },
      "bin": {
        "0gentesthtml": "bin/gentesthtml.js",
        "0serve": "bin/0serve.js"
      },
      "engines": {
        "node": ">=16"
      }
    },
    "node_modules/ws": {
      "version": "8.16.0",
      "resolved": "https://registry.npmmirror.com/ws/-/ws-8.16.0.tgz",
      "integrity": "sha512-HS0c//TP7Ina87TfiPUz1rQzMhHrl/SG2guqRcTOIUYD2q8uhUdNHZYJUaQ8aTGPzCh+c6oawMKW35nFl1dxyQ==",
      "engines": {
        "node": ">=10.0.0"
      },
      "peerDependencies": {
        "bufferutil": "^4.0.1",
        "utf-8-validate": ">=5.0.2"
      },
      "peerDependenciesMeta": {
        "bufferutil": {
          "optional": true
        },
        "utf-8-validate": {
          "optional": true
        }
      }
    },
    "node_modules/y-protocols": {
      "version": "1.0.6",
      "resolved": "https://registry.npmmirror.com/y-protocols/-/y-protocols-1.0.6.tgz",
      "integrity": "sha512-vHRF2L6iT3rwj1jub/K5tYcTT/mEYDUppgNPXwp8fmLpui9f7Yeq3OEtTLVF012j39QnV+KEQpNqoN7CWU7Y9Q==",
      "peer": true,
      "dependencies": {
        "lib0": "^0.2.85"
      },
      "engines": {
        "node": ">=16.0.0",
        "npm": ">=8.0.0"
      },
      "peerDependencies": {
        "yjs": "^13.0.0"
      }
    },
    "node_modules/yjs": {
      "version": "13.6.10",
      "resolved": "https://registry.npmmirror.com/yjs/-/yjs-13.6.10.tgz",
      "integrity": "sha512-1JcyQek1vaMyrDm7Fqfa+pvHg/DURSbVo4VmeN7wjnTKB/lZrfIPhdCj7d8sboK6zLfRBJXegTjc9JlaDd8/Zw==",
      "dependencies": {
        "lib0": "^0.2.86"
      },
      "engines": {
        "node": ">=16.0.0",
        "npm": ">=8.0.0"
      }
    }
  },
  "dependencies": {
    "@hocuspocus/common": {
      "version": "2.9.0",
      "resolved": "https://registry.npmmirror.com/@hocuspocus/common/-/common-2.9.0.tgz",
      "integrity": "sha512-VHqxf1Qov4PULmoevRV4hEyxfEGNtdCMDQTU0C1C6ZR6ImDAqnpuzzcxH5ppkZZiiSZwDWxMxxegFt2e3alDEA==",
      "requires": {
        "lib0": "^0.2.87"
      }
    },
    "@hocuspocus/provider": {
      "version": "2.9.0",
      "resolved": "https://registry.npmmirror.com/@hocuspocus/provider/-/provider-2.9.0.tgz",
      "integrity": "sha512-ZMXX0+jbmB5V7n9RVTtxgWexOs3uwMUxTz9JcGNyUWpLGebSHQppT36eR0cNUhhqO3Kz5HBv2dg8egwGKpT5aQ==",
      "requires": {
        "@hocuspocus/common": "^2.9.0",
        "@lifeomic/attempt": "^3.0.2",
        "lib0": "^0.2.87",
        "ws": "^8.14.2"
      }
    },
    "@lifeomic/attempt": {
      "version": "3.0.3",
      "resolved": "https://registry.npmmirror.com/@lifeomic/attempt/-/attempt-3.0.3.tgz",
      "integrity": "sha512-GlM2AbzrErd/TmLL3E8hAHmb5Q7VhDJp35vIbyPVA5Rz55LZuRr8pwL3qrwwkVNo05gMX1J44gURKb4MHQZo7w=="
    },
    "isomorphic.js": {
      "version": "0.2.5",
      "resolved": "https://registry.npmmirror.com/isomorphic.js/-/isomorphic.js-0.2.5.tgz",
      "integrity": "sha512-PIeMbHqMt4DnUP3MA/Flc0HElYjMXArsw1qwJZcm9sqR8mq3l8NYizFMty0pWwE/tzIGH3EKK5+jes5mAr85yw=="
    },
    "lib0": {
      "version": "0.2.88",
      "resolved": "https://registry.npmmirror.com/lib0/-/lib0-0.2.88.tgz",
      "integrity": "sha512-KyroiEvCeZcZEMx5Ys+b4u4eEBbA1ch7XUaBhYpwa/nPMrzTjUhI4RfcytmQfYoTBPcdyx+FX6WFNIoNuJzJfQ==",
      "requires": {
        "isomorphic.js": "^0.2.4"
      }
    },
    "ws": {
      "version": "8.16.0",
      "resolved": "https://registry.npmmirror.com/ws/-/ws-8.16.0.tgz",
      "integrity": "sha512-HS0c//TP7Ina87TfiPUz1rQzMhHrl/SG2guqRcTOIUYD2q8uhUdNHZYJUaQ8aTGPzCh+c6oawMKW35nFl1dxyQ==",
      "requires": {}
    },
    "y-protocols": {
      "version": "1.0.6",
      "resolved": "https://registry.npmmirror.com/y-protocols/-/y-protocols-1.0.6.tgz",
      "integrity": "sha512-vHRF2L6iT3rwj1jub/K5tYcTT/mEYDUppgNPXwp8fmLpui9f7Yeq3OEtTLVF012j39QnV+KEQpNqoN7CWU7Y9Q==",
      "peer": true,
      "requires": {
        "lib0": "^0.2.85"
      }
    },
    "yjs": {
      "version": "13.6.10",
      "resolved": "https://registry.npmmirror.com/yjs/-/yjs-13.6.10.tgz",
      "integrity": "sha512-1JcyQek1vaMyrDm7Fqfa+pvHg/DURSbVo4VmeN7wjnTKB/lZrfIPhdCj7d8sboK6zLfRBJXegTjc9JlaDd8/Zw==",
      "requires": {
        "lib0": "^0.2.86"
      }
    }
  }
}
